
Microsoft Visual Studio Solution File, Format Version 12.00
# Visual Studio Version 16
VisualStudioVersion = 16.0.30611.23
MinimumVisualStudioVersion = 10.0.40219.1
Project("{FAE04EC0-301F-11D3-BF4B-00C04F79EFBC}") = "FastJSONExperiment", "FastJSONExperiment\FastJSONExperiment.csproj", "{2A66C704-0A2C-4C16-B66E-578047E40B3C}"
EndProject
Global
	GlobalSection(SolutionConfigurationPlatforms) = preSolution
		Debug|Any CPU = Debug|Any CPU
		Release|Any CPU = Release|Any CPU
	EndGlobalSection
	GlobalSection(ProjectConfigurationPlatforms) = postSolution
		{2A66C704-0A2C-4C16-B66E-578047E40B3C}.Debug|Any CPU.ActiveCfg = Debug|Any CPU
		{2A66C704-0A2C-4C16-B66E-578047E40B3C}.Debug|Any CPU.Build.0 = Debug|Any CPU
		{2A66C704-0A2C-4C16-B66E-578047E40B3C}.Release|Any CPU.ActiveCfg = Release|Any CPU
		{2A66C704-0A2C-4C16-B66E-578047E40B3C}.Release|Any CPU.Build.0 = Release|Any CPU
	EndGlobalSection
	GlobalSection(SolutionProperties) = preSolution
		HideSolutionNode = FALSE
	EndGlobalSection
	GlobalSection(ExtensibilityGlobals) = postSolution
		SolutionGuid = {9851A018-AF17-4E81-AB46-EECF9F207180}
	EndGlobalSection
EndGlobal
